
Microsoft Visual Studio Solution File, Format Version 12.00
# Visual Studio Version 16
VisualStudioVersion = 16.0.30717.126
MinimumVisualStudioVersion = 10.0.40219.1
Project("{8BC9CEB8-8B4A-11D0-8D11-00A0C91BC942}") = "Cyanite", "Cyanite\Cyanite.vcxproj", "{798232E6-BD50-409B-B578-64FD9FA43846}"
EndProject
Project("{8BC9CEB8-8B4A-11D0-8D11-00A0C91BC942}") = "AssetKit", "Core\AssetKit\AssetKit.vcxproj", "{90085664-1FE9-4259-B4B5-38310B303ACE}"
EndProject
Project("{8BC9CEB8-8B4A-11D0-8D11-00A0C91BC942}") = "AudioKit", "Core\AudioKit\AudioKit.vcxproj", "{866B784A-B26D-40EC-87DE-45BA888DF0DF}"
EndProject
Project("{8BC9CEB8-8B4A-11D0-8D11-00A0C91BC942}") = "DebugKit", "Core\DebugKit\DebugKit.vcxproj", "{90F17C5D-02F0-4D9F-8521-7ACE83B6ECC3}"
EndProject
Project("{8BC9CEB8-8B4A-11D0-8D11-00A0C91BC942}") = "GameKit", "Core\GameKit\GameKit.vcxproj", "{3234B000-4F9F-4581-9030-9D32408A9511}"
EndProject
Project("{8BC9CEB8-8B4A-11D0-8D11-00A0C91BC942}") = "GraphicsKit", "Core\GraphicsKit\GraphicsKit.vcxproj", "{3B317DCB-B52C-48FA-9476-1346E35A8CE1}"
EndProject
Project("{8BC9CEB8-8B4A-11D0-8D11-00A0C91BC942}") = "InputKit", "Core\InputKit\InputKit.vcxproj", "{873D448C-9E06-4756-8E4C-28B8E658C07D}"
EndProject
Project("{8BC9CEB8-8B4A-11D0-8D11-00A0C91BC942}") = "MathKit", "Core\MathKit\MathKit.vcxproj", "{B9330F3C-C732-48C6-ABF6-67E18122D34B}"
EndProject
Project("{8BC9CEB8-8B4A-11D0-8D11-00A0C91BC942}") = "NetworkKit", "Core\NetworkKit\NetworkKit.vcxproj", "{350AEEE0-B9B1-4A88-90D6-68E7D798389C}"
EndProject
Global
	GlobalSection(SolutionConfigurationPlatforms) = preSolution
		Debug|ARM = Debug|ARM
		Debug|ARM64 = Debug|ARM64
		Debug|x64 = Debug|x64
		Debug|x86 = Debug|x86
		Release|ARM = Release|ARM
		Release|ARM64 = Release|ARM64
		Release|x64 = Release|x64
		Release|x86 = Release|x86
	EndGlobalSection
	GlobalSection(ProjectConfigurationPlatforms) = postSolution
		{798232E6-BD50-409B-B578-64FD9FA43846}.Debug|ARM.ActiveCfg = Debug|Win32
		{798232E6-BD50-409B-B578-64FD9FA43846}.Debug|ARM64.ActiveCfg = Debug|Win32
		{798232E6-BD50-409B-B578-64FD9FA43846}.Debug|x64.ActiveCfg = Debug|x64
		{798232E6-BD50-409B-B578-64FD9FA43846}.Debug|x64.Build.0 = Debug|x64
		{798232E6-BD50-409B-B578-64FD9FA43846}.Debug|x86.ActiveCfg = Debug|Win32
		{798232E6-BD50-409B-B578-64FD9FA43846}.Debug|x86.Build.0 = Debug|Win32
		{798232E6-BD50-409B-B578-64FD9FA43846}.Release|ARM.ActiveCfg = Release|Win32
		{798232E6-BD50-409B-B578-64FD9FA43846}.Release|ARM64.ActiveCfg = Release|Win32
		{798232E6-BD50-409B-B578-64FD9FA43846}.Release|x64.ActiveCfg = Release|x64
		{798232E6-BD50-409B-B578-64FD9FA43846}.Release|x64.Build.0 = Release|x64
		{798232E6-BD50-409B-B578-64FD9FA43846}.Release|x86.ActiveCfg = Release|Win32
		{798232E6-BD50-409B-B578-64FD9FA43846}.Release|x86.Build.0 = Release|Win32
		{90085664-1FE9-4259-B4B5-38310B303ACE}.Debug|ARM.ActiveCfg = Debug|Win32
		{90085664-1FE9-4259-B4B5-38310B303ACE}.Debug|ARM64.ActiveCfg = Debug|Win32
		{90085664-1FE9-4259-B4B5-38310B303ACE}.Debug|x64.ActiveCfg = Debug|x64
		{90085664-1FE9-4259-B4B5-38310B303ACE}.Debug|x64.Build.0 = Debug|x64
		{90085664-1FE9-4259-B4B5-38310B303ACE}.Debug|x86.ActiveCfg = Debug|Win32
		{90085664-1FE9-4259-B4B5-38310B303ACE}.Debug|x86.Build.0 = Debug|Win32
		{90085664-1FE9-4259-B4B5-38310B303ACE}.Release|ARM.ActiveCfg = Release|Win32
		{90085664-1FE9-4259-B4B5-38310B303ACE}.Release|ARM64.ActiveCfg = Release|Win32
		{90085664-1FE9-4259-B4B5-38310B303ACE}.Release|x64.ActiveCfg = Release|x64
		{90085664-1FE9-4259-B4B5-38310B303ACE}.Release|x64.Build.0 = Release|x64
		{90085664-1FE9-4259-B4B5-38310B303ACE}.Release|x86.ActiveCfg = Release|Win32
		{90085664-1FE9-4259-B4B5-38310B303ACE}.Release|x86.Build.0 = Release|Win32
		{866B784A-B26D-40EC-87DE-45BA888DF0DF}.Debug|ARM.ActiveCfg = Debug|Win32
		{866B784A-B26D-40EC-87DE-45BA888DF0DF}.Debug|ARM64.ActiveCfg = Debug|Win32
		{866B784A-B26D-40EC-87DE-45BA888DF0DF}.Debug|x64.ActiveCfg = Debug|x64
		{866B784A-B26D-40EC-87DE-45BA888DF0DF}.Debug|x64.Build.0 = Debug|x64
		{866B784A-B26D-40EC-87DE-45BA888DF0DF}.Debug|x86.ActiveCfg = Debug|Win32
		{866B784A-B26D-40EC-87DE-45BA888DF0DF}.Debug|x86.Build.0 = Debug|Win32
		{866B784A-B26D-40EC-87DE-45BA888DF0DF}.Release|ARM.ActiveCfg = Release|Win32
		{866B784A-B26D-40EC-87DE-45BA888DF0DF}.Release|ARM64.ActiveCfg = Release|Win32
		{866B784A-B26D-40EC-87DE-45BA888DF0DF}.Release|x64.ActiveCfg = Release|x64
		{866B784A-B26D-40EC-87DE-45BA888DF0DF}.Release|x64.Build.0 = Release|x64
		{866B784A-B26D-40EC-87DE-45BA888DF0DF}.Release|x86.ActiveCfg = Release|Win32
		{866B784A-B26D-40EC-87DE-45BA888DF0DF}.Release|x86.Build.0 = Release|Win32
		{90F17C5D-02F0-4D9F-8521-7ACE83B6ECC3}.Debug|ARM.ActiveCfg = Debug|Win32
		{90F17C5D-02F0-4D9F-8521-7ACE83B6ECC3}.Debug|ARM64.ActiveCfg = Debug|Win32
		{90F17C5D-02F0-4D9F-8521-7ACE83B6ECC3}.Debug|x64.ActiveCfg = Debug|x64
		{90F17C5D-02F0-4D9F-8521-7ACE83B6ECC3}.Debug|x64.Build.0 = Debug|x64
		{90F17C5D-02F0-4D9F-8521-7ACE83B6ECC3}.Debug|x86.ActiveCfg = Debug|Win32
		{90F17C5D-02F0-4D9F-8521-7ACE83B6ECC3}.Debug|x86.Build.0 = Debug|Win32
		{90F17C5D-02F0-4D9F-8521-7ACE83B6ECC3}.Release|ARM.ActiveCfg = Release|Win32
		{90F17C5D-02F0-4D9F-8521-7ACE83B6ECC3}.Release|ARM64.ActiveCfg = Release|Win32
		{90F17C5D-02F0-4D9F-8521-7ACE83B6ECC3}.Release|x64.ActiveCfg = Release|x64
		{90F17C5D-02F0-4D9F-8521-7ACE83B6ECC3}.Release|x64.Build.0 = Release|x64
		{90F17C5D-02F0-4D9F-8521-7ACE83B6ECC3}.Release|x86.ActiveCfg = Release|Win32
		{90F17C5D-02F0-4D9F-8521-7ACE83B6ECC3}.Release|x86.Build.0 = Release|Win32
		{3234B000-4F9F-4581-9030-9D32408A9511}.Debug|ARM.ActiveCfg = Debug|Win32
		{3234B000-4F9F-4581-9030-9D32408A9511}.Debug|ARM64.ActiveCfg = Debug|Win32
		{3234B000-4F9F-4581-9030-9D32408A9511}.Debug|x64.ActiveCfg = Debug|x64
		{3234B000-4F9F-4581-9030-9D32408A9511}.Debug|x64.Build.0 = Debug|x64
		{3234B000-4F9F-4581-9030-9D32408A9511}.Debug|x86.ActiveCfg = Debug|Win32
		{3234B000-4F9F-4581-9030-9D32408A9511}.Debug|x86.Build.0 = Debug|Win32
		{3234B000-4F9F-4581-9030-9D32408A9511}.Release|ARM.ActiveCfg = Release|Win32
		{3234B000-4F9F-4581-9030-9D32408A9511}.Release|ARM64.ActiveCfg = Release|Win32
		{3234B000-4F9F-4581-9030-9D32408A9511}.Release|x64.ActiveCfg = Release|x64
		{3234B000-4F9F-4581-9030-9D32408A9511}.Release|x64.Build.0 = Release|x64
		{3234B000-4F9F-4581-9030-9D32408A9511}.Release|x86.ActiveCfg = Release|Win32
		{3234B000-4F9F-4581-9030-9D32408A9511}.Release|x86.Build.0 = Release|Win32
		{3B317DCB-B52C-48FA-9476-1346E35A8CE1}.Debug|ARM.ActiveCfg = Debug|Win32
		{3B317DCB-B52C-48FA-9476-1346E35A8CE1}.Debug|ARM64.ActiveCfg = Debug|Win32
		{3B317DCB-B52C-48FA-9476-1346E35A8CE1}.Debug|x64.ActiveCfg = Debug|x64
		{3B317DCB-B52C-48FA-9476-1346E35A8CE1}.Debug|x64.Build.0 = Debug|x64
		{3B317DCB-B52C-48FA-9476-1346E35A8CE1}.Debug|x86.ActiveCfg = Debug|Win32
		{3B317DCB-B52C-48FA-9476-1346E35A8CE1}.Debug|x86.Build.0 = Debug|Win32
		{3B317DCB-B52C-48FA-9476-1346E35A8CE1}.Release|ARM.ActiveCfg = Release|Win32
		{3B317DCB-B52C-48FA-9476-1346E35A8CE1}.Release|ARM64.ActiveCfg = Release|Win32
		{3B317DCB-B52C-48FA-9476-1346E35A8CE1}.Release|x64.ActiveCfg = Release|x64
		{3B317DCB-B52C-48FA-9476-1346E35A8CE1}.Release|x64.Build.0 = Release|x64
		{3B317DCB-B52C-48FA-9476-1346E35A8CE1}.Release|x86.ActiveCfg = Release|Win32
		{3B317DCB-B52C-48FA-9476-1346E35A8CE1}.Release|x86.Build.0 = Release|Win32
		{873D448C-9E06-4756-8E4C-28B8E658C07D}.Debug|ARM.ActiveCfg = Debug|Win32
		{873D448C-9E06-4756-8E4C-28B8E658C07D}.Debug|ARM64.ActiveCfg = Debug|Win32
		{873D448C-9E06-4756-8E4C-28B8E658C07D}.Debug|x64.ActiveCfg = Debug|x64
		{873D448C-9E06-4756-8E4C-28B8E658C07D}.Debug|x64.Build.0 = Debug|x64
		{873D448C-9E06-4756-8E4C-28B8E658C07D}.Debug|x86.ActiveCfg = Debug|Win32
		{873D448C-9E06-4756-8E4C-28B8E658C07D}.Debug|x86.Build.0 = Debug|Win32
		{873D448C-9E06-4756-8E4C-28B8E658C07D}.Release|ARM.ActiveCfg = Release|Win32
		{873D448C-9E06-4756-8E4C-28B8E658C07D}.Release|ARM64.ActiveCfg = Release|Win32
		{873D448C-9E06-4756-8E4C-28B8E658C07D}.Release|x64.ActiveCfg = Release|x64
		{873D448C-9E06-4756-8E4C-28B8E658C07D}.Release|x64.Build.0 = Release|x64
		{873D448C-9E06-4756-8E4C-28B8E658C07D}.Release|x86.ActiveCfg = Release|Win32
		{873D448C-9E06-4756-8E4C-28B8E658C07D}.Release|x86.Build.0 = Release|Win32
		{B9330F3C-C732-48C6-ABF6-67E18122D34B}.Debug|ARM.ActiveCfg = Debug|Win32
		{B9330F3C-C732-48C6-ABF6-67E18122D34B}.Debug|ARM64.ActiveCfg = Debug|Win32
		{B9330F3C-C732-48C6-ABF6-67E18122D34B}.Debug|x64.ActiveCfg = Debug|x64
		{B9330F3C-C732-48C6-ABF6-67E18122D34B}.Debug|x64.Build.0 = Debug|x64
		{B9330F3C-C732-48C6-ABF6-67E18122D34B}.Debug|x86.ActiveCfg = Debug|Win32
		{B9330F3C-C732-48C6-ABF6-67E18122D34B}.Debug|x86.Build.0 = Debug|Win32
		{B9330F3C-C732-48C6-ABF6-67E18122D34B}.Release|ARM.ActiveCfg = Release|Win32
		{B9330F3C-C732-48C6-ABF6-67E18122D34B}.Release|ARM64.ActiveCfg = Release|Win32
		{B9330F3C-C732-48C6-ABF6-67E18122D34B}.Release|x64.ActiveCfg = Release|x64
		{B9330F3C-C732-48C6-ABF6-67E18122D34B}.Release|x64.Build.0 = Release|x64
		{B9330F3C-C732-48C6-ABF6-67E18122D34B}.Release|x86.ActiveCfg = Release|Win32
		{B9330F3C-C732-48C6-ABF6-67E18122D34B}.Release|x86.Build.0 = Release|Win32
		{350AEEE0-B9B1-4A88-90D6-68E7D798389C}.Debug|ARM.ActiveCfg = Debug|Win32
		{350AEEE0-B9B1-4A88-90D6-68E7D798389C}.Debug|ARM64.ActiveCfg = Debug|Win32
		{350AEEE0-B9B1-4A88-90D6-68E7D798389C}.Debug|x64.ActiveCfg = Debug|x64
		{350AEEE0-B9B1-4A88-90D6-68E7D798389C}.Debug|x64.Build.0 = Debug|x64
		{350AEEE0-B9B1-4A88-90D6-68E7D798389C}.Debug|x86.ActiveCfg = Debug|Win32
		{350AEEE0-B9B1-4A88-90D6-68E7D798389C}.Debug|x86.Build.0 = Debug|Win32
		{350AEEE0-B9B1-4A88-90D6-68E7D798389C}.Release|ARM.ActiveCfg = Release|Win32
		{350AEEE0-B9B1-4A88-90D6-68E7D798389C}.Release|ARM64.ActiveCfg = Release|Win32
		{350AEEE0-B9B1-4A88-90D6-68E7D798389C}.Release|x64.ActiveCfg = Release|x64
		{350AEEE0-B9B1-4A88-90D6-68E7D798389C}.Release|x64.Build.0 = Release|x64
		{350AEEE0-B9B1-4A88-90D6-68E7D798389C}.Release|x86.ActiveCfg = Release|Win32
		{350AEEE0-B9B1-4A88-90D6-68E7D798389C}.Release|x86.Build.0 = Release|Win32
	EndGlobalSection
	GlobalSection(SolutionProperties) = preSolution
		HideSolutionNode = FALSE
	EndGlobalSection
	GlobalSection(ExtensibilityGlobals) = postSolution
		SolutionGuid = {7C004A75-03B6-4C54-974D-DEB9727C448A}
	EndGlobalSection
EndGlobal
