<?xml version="1.0" encoding="utf-8"?>
<Project ToolsVersion="4.0" xmlns="http://schemas.microsoft.com/developer/msbuild/2003">
  <ItemGroup>
    <Filter Include="Source Files">
      <UniqueIdentifier>{4FC737F1-C7A5-4376-A066-2A32D752A2FF}</UniqueIdentifier>
      <Extensions>cpp;c;cc;cxx;c++;cppm;ixx;def;odl;idl;hpj;bat;asm;asmx</Extensions>
    </Filter>
    <Filter Include="Header Files">
      <UniqueIdentifier>{93995380-89BD-4b04-88EB-625FBE52EBFB}</UniqueIdentifier>
      <Extensions>h;hh;hpp;hxx;h++;hm;inl;inc;ipp;xsd</Extensions>
    </Filter>
    <Filter Include="Resource Files">
      <UniqueIdentifier>{67DA6AB6-F800-4c08-8B7A-83BB121AAD01}</UniqueIdentifier>
      <Extensions>rc;ico;cur;bmp;dlg;rc2;rct;bin;rgs;gif;jpg;jpeg;jpe;resx;tiff;tif;png;wav;mfcribbon-ms</Extensions>
    </Filter>
    <Filter Include="Header Files\Components">
      <UniqueIdentifier>{2c05276a-b227-4ebf-84a8-c4b0a6f758ec}</UniqueIdentifier>
    </Filter>
    <Filter Include="Header Files\Systems">
      <UniqueIdentifier>{09d12a48-199e-44ec-8004-afeab64e7c21}</UniqueIdentifier>
    </Filter>
    <Filter Include="Source Files\Systems">
      <UniqueIdentifier>{b9eb4d0e-5b38-48b2-9ead-d9e90cfb2c8b}</UniqueIdentifier>
    </Filter>
  </ItemGroup>
  <ItemGroup>
    <ClInclude Include="d3dx12.h">
      <Filter>Header Files</Filter>
    </ClInclude>
    <ClInclude Include="pch.hxx">
      <Filter>Header Files</Filter>
    </ClInclude>
    <ClInclude Include="TypeConverter.hxx">
      <Filter>Header Files</Filter>
    </ClInclude>
    <ClInclude Include="Config.hxx">
      <Filter>Header Files</Filter>
    </ClInclude>
    <ClInclude Include="Frame.hxx">
      <Filter>Header Files</Filter>
    </ClInclude>
    <ClInclude Include="Types.hxx">
      <Filter>Header Files</Filter>
    </ClInclude>
    <ClInclude Include="Light.hxx">
      <Filter>Header Files\Components</Filter>
    </ClInclude>
    <ClInclude Include="Color.hxx">
      <Filter>Header Files\Components</Filter>
    </ClInclude>
    <ClInclude Include="Scene.hxx">
      <Filter>Header Files\Components</Filter>
    </ClInclude>
    <ClInclude Include="Texture.hxx">
      <Filter>Header Files\Components</Filter>
    </ClInclude>
    <ClInclude Include="Camera.hxx">
      <Filter>Header Files\Components</Filter>
    </ClInclude>
    <ClInclude Include="Transform.hxx">
      <Filter>Header Files\Components</Filter>
    </ClInclude>
    <ClInclude Include="Helpers.hxx">
      <Filter>Header Files</Filter>
    </ClInclude>
    <ClInclude Include="GPUBuffer.hxx">
      <Filter>Header Files</Filter>
    </ClInclude>
    <ClInclude Include="GpuResource.hxx">
      <Filter>Header Files</Filter>
    </ClInclude>
    <ClInclude Include="Gpu.hxx">
      <Filter>Header Files</Filter>
    </ClInclude>
    <ClInclude Include="DeviceHandler.hxx">
      <Filter>Header Files\Systems</Filter>
    </ClInclude>
    <ClInclude Include="FactoryHandler.hxx">
      <Filter>Header Files\Systems</Filter>
    </ClInclude>
    <ClInclude Include="GraphicsHandler.hxx">
      <Filter>Header Files\Systems</Filter>
    </ClInclude>
    <ClInclude Include="SwapChainHandler.hxx">
      <Filter>Header Files\Systems</Filter>
    </ClInclude>
    <ClInclude Include="GpuWorkerThread.hxx">
      <Filter>Header Files\Systems</Filter>
    </ClInclude>
    <ClInclude Include="Heap.hxx">
      <Filter>Header Files</Filter>
    </ClInclude>
    <ClInclude Include="UiWorkerThread.hxx">
      <Filter>Header Files</Filter>
    </ClInclude>
  </ItemGroup>
  <ItemGroup>
    <ClCompile Include="pch.cxx">
      <Filter>Source Files</Filter>
    </ClCompile>
    <ClCompile Include="Frame.cxx">
      <Filter>Source Files</Filter>
    </ClCompile>
    <ClCompile Include="GPUBuffer.cxx">
      <Filter>Source Files</Filter>
    </ClCompile>
    <ClCompile Include="Gpu.cxx">
      <Filter>Source Files</Filter>
    </ClCompile>
    <ClCompile Include="DeviceHandler.cxx">
      <Filter>Source Files\Systems</Filter>
    </ClCompile>
    <ClCompile Include="FactoryHandler.cxx">
      <Filter>Source Files\Systems</Filter>
    </ClCompile>
    <ClCompile Include="GraphicsHandler.cxx">
      <Filter>Source Files\Systems</Filter>
    </ClCompile>
    <ClCompile Include="SwapChainHandler.cxx">
      <Filter>Source Files\Systems</Filter>
    </ClCompile>
    <ClCompile Include="GpuWorkerThread.cxx">
      <Filter>Source Files\Systems</Filter>
    </ClCompile>
    <ClCompile Include="Heap.cxx">
      <Filter>Source Files</Filter>
    </ClCompile>
    <ClCompile Include="UiWorkerThread.cxx">
      <Filter>Source Files</Filter>
    </ClCompile>
  </ItemGroup>
  <ItemGroup>
    <None Include="packages.config" />
  </ItemGroup>
</Project>